
Microsoft Visual Studio Solution File, Format Version 12.00
# Visual Studio Version 17
VisualStudioVersion = 17.4.33205.214
MinimumVisualStudioVersion = 10.0.40219.1
Project("{FAE04EC0-301F-11D3-BF4B-00C04F79EFBC}") = "TestTask", "TestTask.csproj", "{0F78FD89-77E0-445B-97CB-E27DDB72AD98}"
EndProject
Project("{FAE04EC0-301F-11D3-BF4B-00C04F79EFBC}") = "Area", "..\Area\Area.csproj", "{C79AD193-4919-4475-8F65-1D90DCADC1B1}"
EndProject
Project("{FAE04EC0-301F-11D3-BF4B-00C04F79EFBC}") = "UnitTests", "..\UnitTests\UnitTests.csproj", "{6D253DA0-CD5C-4CC0-AA45-86CAA472E632}"
EndProject
Global
	GlobalSection(SolutionConfigurationPlatforms) = preSolution
		Debug|Any CPU = Debug|Any CPU
		Release|Any CPU = Release|Any CPU
	EndGlobalSection
	GlobalSection(ProjectConfigurationPlatforms) = postSolution
		{0F78FD89-77E0-445B-97CB-E27DDB72AD98}.Debug|Any CPU.ActiveCfg = Debug|Any CPU
		{0F78FD89-77E0-445B-97CB-E27DDB72AD98}.Debug|Any CPU.Build.0 = Debug|Any CPU
		{0F78FD89-77E0-445B-97CB-E27DDB72AD98}.Release|Any CPU.ActiveCfg = Release|Any CPU
		{0F78FD89-77E0-445B-97CB-E27DDB72AD98}.Release|Any CPU.Build.0 = Release|Any CPU
		{C79AD193-4919-4475-8F65-1D90DCADC1B1}.Debug|Any CPU.ActiveCfg = Debug|Any CPU
		{C79AD193-4919-4475-8F65-1D90DCADC1B1}.Debug|Any CPU.Build.0 = Debug|Any CPU
		{C79AD193-4919-4475-8F65-1D90DCADC1B1}.Release|Any CPU.ActiveCfg = Release|Any CPU
		{C79AD193-4919-4475-8F65-1D90DCADC1B1}.Release|Any CPU.Build.0 = Release|Any CPU
		{6D253DA0-CD5C-4CC0-AA45-86CAA472E632}.Debug|Any CPU.ActiveCfg = Debug|Any CPU
		{6D253DA0-CD5C-4CC0-AA45-86CAA472E632}.Debug|Any CPU.Build.0 = Debug|Any CPU
		{6D253DA0-CD5C-4CC0-AA45-86CAA472E632}.Release|Any CPU.ActiveCfg = Release|Any CPU
		{6D253DA0-CD5C-4CC0-AA45-86CAA472E632}.Release|Any CPU.Build.0 = Release|Any CPU
	EndGlobalSection
	GlobalSection(SolutionProperties) = preSolution
		HideSolutionNode = FALSE
	EndGlobalSection
	GlobalSection(ExtensibilityGlobals) = postSolution
		SolutionGuid = {6087E2DD-1897-4F3B-8AEF-431C7A92A879}
	EndGlobalSection
EndGlobal
